
Microsoft Visual Studio Solution File, Format Version 12.00
# Visual Studio 15
VisualStudioVersion = 15.0.28010.2036
MinimumVisualStudioVersion = 10.0.40219.1
Project("{FAE04EC0-301F-11D3-BF4B-00C04F79EFBC}") = "VidlyProject", "VidlyProject\VidlyProject.csproj", "{63806213-B9A4-4836-A4DD-EDDEA92A0AB4}"
EndProject
Global
	GlobalSection(SolutionConfigurationPlatforms) = preSolution
		Debug|Any CPU = Debug|Any CPU
		Release|Any CPU = Release|Any CPU
	EndGlobalSection
	GlobalSection(ProjectConfigurationPlatforms) = postSolution
		{63806213-B9A4-4836-A4DD-EDDEA92A0AB4}.Debug|Any CPU.ActiveCfg = Debug|Any CPU
		{63806213-B9A4-4836-A4DD-EDDEA92A0AB4}.Debug|Any CPU.Build.0 = Debug|Any CPU
		{63806213-B9A4-4836-A4DD-EDDEA92A0AB4}.Release|Any CPU.ActiveCfg = Release|Any CPU
		{63806213-B9A4-4836-A4DD-EDDEA92A0AB4}.Release|Any CPU.Build.0 = Release|Any CPU
	EndGlobalSection
	GlobalSection(SolutionProperties) = preSolution
		HideSolutionNode = FALSE
	EndGlobalSection
	GlobalSection(ExtensibilityGlobals) = postSolution
		SolutionGuid = {65E064EE-3806-47D6-A821-B6E06B3729D1}
	EndGlobalSection
EndGlobal
